{
  "name": "bench",
  "lockfileVersion": 3,
  "requires": true,
  "packages": {
    "": {
      "devDependencies": {
        "benchmark": "2.1.4",
        "flaget": "file:../dist",
        "minimist": "1.2.8",
        "mri": "1.2.0",
        "nopt": "8.1.0",
        "yargs-parser": "22.0.0"
      }
    },
    "../dist": {
      "name": "flaget",
      "version": "2.1.0",
      "dev": true,
      "license": "ISC",
      "engines": {
        "node": ">=10"
      }
    },
    "node_modules/abbrev": {
      "version": "3.0.1",
      "dev": true,
      "license": "ISC",
      "engines": {
        "node": "^18.17.0 || >=20.5.0"
      }
    },
    "node_modules/benchmark": {
      "version": "2.1.4",
      "dev": true,
      "license": "MIT",
      "dependencies": {
        "lodash": "^4.17.4",
        "platform": "^1.3.3"
      }
    },
    "node_modules/flaget": {
      "resolved": "../dist",
      "link": true
    },
    "node_modules/lodash": {
      "version": "4.17.21",
      "dev": true,
      "license": "MIT"
    },
    "node_modules/minimist": {
      "version": "1.2.8",
      "dev": true,
      "license": "MIT",
      "funding": {
        "url": "https://github.com/sponsors/ljharb"
      }
    },
    "node_modules/mri": {
      "version": "1.2.0",
      "dev": true,
      "license": "MIT",
      "engines": {
        "node": ">=4"
      }
    },
    "node_modules/nopt": {
      "version": "8.1.0",
      "dev": true,
      "license": "ISC",
      "dependencies": {
        "abbrev": "^3.0.0"
      },
      "bin": {
        "nopt": "bin/nopt.js"
      },
      "engines": {
        "node": "^18.17.0 || >=20.5.0"
      }
    },
    "node_modules/platform": {
      "version": "1.3.6",
      "dev": true,
      "license": "MIT"
    },
    "node_modules/yargs-parser": {
      "version": "22.0.0",
      "dev": true,
      "license": "ISC",
      "engines": {
        "node": "^20.19.0 || ^22.12.0 || >=23"
      }
    }
  }
}
